// !$*UTF8*$!
{
	archiveVersion = 1;
	classes = {
	};
	objectVersion = 48;
	objects = {

/* Begin PBXBuildFile section */
		081061231FCA74690066D72B /* AppDelegate.swift in Sources */ = {isa = PBXBuildFile; fileRef = 081061221FCA74690066D72B /* AppDelegate.swift */; };
		081061251FCA74690066D72B /* GameScene.sks in Resources */ = {isa = PBXBuildFile; fileRef = 081061241FCA74690066D72B /* GameScene.sks */; };
		081061271FCA74690066D72B /* Actions.sks in Resources */ = {isa = PBXBuildFile; fileRef = 081061261FCA74690066D72B /* Actions.sks */; };
		081061291FCA74690066D72B /* GameScene.swift in Sources */ = {isa = PBXBuildFile; fileRef = 081061281FCA74690066D72B /* GameScene.swift */; };
		0810612B1FCA74690066D72B /* GameViewController.swift in Sources */ = {isa = PBXBuildFile; fileRef = 0810612A1FCA74690066D72B /* GameViewController.swift */; };
		0810612E1FCA74690066D72B /* Main.storyboard in Resources */ = {isa = PBXBuildFile; fileRef = 0810612C1FCA74690066D72B /* Main.storyboard */; };
		081061331FCA74690066D72B /* LaunchScreen.storyboard in Resources */ = {isa = PBXBuildFile; fileRef = 081061311FCA74690066D72B /* LaunchScreen.storyboard */; };
		0810613E1FCA74690066D72B /* SnakeTests.swift in Sources */ = {isa = PBXBuildFile; fileRef = 0810613D1FCA74690066D72B /* SnakeTests.swift */; };
		081061491FCA74690066D72B /* SnakeUITests.swift in Sources */ = {isa = PBXBuildFile; fileRef = 081061481FCA74690066D72B /* SnakeUITests.swift */; };
		081061581FCA75E10066D72B /* BodyPart.swift in Sources */ = {isa = PBXBuildFile; fileRef = 081061571FCA75E10066D72B /* BodyPart.swift */; };
		0810615A1FCA76A80066D72B /* Head.swift in Sources */ = {isa = PBXBuildFile; fileRef = 081061591FCA76A80066D72B /* Head.swift */; };
		0810615D1FCA76D20066D72B /* Direction.swift in Sources */ = {isa = PBXBuildFile; fileRef = 0810615C1FCA76D20066D72B /* Direction.swift */; };
		086CD7021FCD435500606A79 /* Assets.xcassets in Resources */ = {isa = PBXBuildFile; fileRef = 0810612F1FCA74690066D72B /* Assets.xcassets */; };
		086CD7041FCD478A00606A79 /* Blade.ttf in Resources */ = {isa = PBXBuildFile; fileRef = 086CD7031FCD477800606A79 /* Blade.ttf */; };
		086CD7061FCF0C8100606A79 /* Menu.swift in Sources */ = {isa = PBXBuildFile; fileRef = 086CD7051FCF0C8100606A79 /* Menu.swift */; };
		088E35521FD010BC00E6CDAA /* MainMenu.sks in Resources */ = {isa = PBXBuildFile; fileRef = 088E35511FD010BC00E6CDAA /* MainMenu.sks */; };
		088E35541FD0112400E6CDAA /* MainMenu.swift in Sources */ = {isa = PBXBuildFile; fileRef = 088E35531FD0112400E6CDAA /* MainMenu.swift */; };
		088E35561FD01D1E00E6CDAA /* Options.sks in Resources */ = {isa = PBXBuildFile; fileRef = 088E35551FD01D1E00E6CDAA /* Options.sks */; };
/* End PBXBuildFile section */

/* Begin PBXContainerItemProxy section */
		0810613A1FCA74690066D72B /* PBXContainerItemProxy */ = {
			isa = PBXContainerItemProxy;
			containerPortal = 081061171FCA74690066D72B /* Project object */;
			proxyType = 1;
			remoteGlobalIDString = 0810611E1FCA74690066D72B;
			remoteInfo = Snake;
		};
		081061451FCA74690066D72B /* PBXContainerItemProxy */ = {
			isa = PBXContainerItemProxy;
			containerPortal = 081061171FCA74690066D72B /* Project object */;
			proxyType = 1;
			remoteGlobalIDString = 0810611E1FCA74690066D72B;
			remoteInfo = Snake;
		};
/* End PBXContainerItemProxy section */

/* Begin PBXFileReference section */
		0810611F1FCA74690066D72B /* Snake.app */ = {isa = PBXFileReference; explicitFileType = wrapper.application; includeInIndex = 0; path = Snake.app; sourceTree = BUILT_PRODUCTS_DIR; };
		081061221FCA74690066D72B /* AppDelegate.swift */ = {isa = PBXFileReference; lastKnownFileType = sourcecode.swift; path = AppDelegate.swift; sourceTree = "<group>"; };
		081061241FCA74690066D72B /* GameScene.sks */ = {isa = PBXFileReference; lastKnownFileType = file.sks; path = GameScene.sks; sourceTree = "<group>"; };
		081061261FCA74690066D72B /* Actions.sks */ = {isa = PBXFileReference; lastKnownFileType = file.sks; path = Actions.sks; sourceTree = "<group>"; };
		081061281FCA74690066D72B /* GameScene.swift */ = {isa = PBXFileReference; lastKnownFileType = sourcecode.swift; path = GameScene.swift; sourceTree = "<group>"; };
		0810612A1FCA74690066D72B /* GameViewController.swift */ = {isa = PBXFileReference; lastKnownFileType = sourcecode.swift; path = GameViewController.swift; sourceTree = "<group>"; };
		0810612D1FCA74690066D72B /* Base */ = {isa = PBXFileReference; lastKnownFileType = file.storyboard; name = Base; path = Base.lproj/Main.storyboard; sourceTree = "<group>"; };
		0810612F1FCA74690066D72B /* Assets.xcassets */ = {isa = PBXFileReference; lastKnownFileType = folder.assetcatalog; path = Assets.xcassets; sourceTree = "<group>"; };
		081061321FCA74690066D72B /* Base */ = {isa = PBXFileReference; lastKnownFileType = file.storyboard; name = Base; path = Base.lproj/LaunchScreen.storyboard; sourceTree = "<group>"; };
		081061341FCA74690066D72B /* Info.plist */ = {isa = PBXFileReference; lastKnownFileType = text.plist.xml; path = Info.plist; sourceTree = "<group>"; };
		081061391FCA74690066D72B /* SnakeTests.xctest */ = {isa = PBXFileReference; explicitFileType = wrapper.cfbundle; includeInIndex = 0; path = SnakeTests.xctest; sourceTree = BUILT_PRODUCTS_DIR; };
		0810613D1FCA74690066D72B /* SnakeTests.swift */ = {isa = PBXFileReference; lastKnownFileType = sourcecode.swift; path = SnakeTests.swift; sourceTree = "<group>"; };
		0810613F1FCA74690066D72B /* Info.plist */ = {isa = PBXFileReference; lastKnownFileType = text.plist.xml; path = Info.plist; sourceTree = "<group>"; };
		081061441FCA74690066D72B /* SnakeUITests.xctest */ = {isa = PBXFileReference; explicitFileType = wrapper.cfbundle; includeInIndex = 0; path = SnakeUITests.xctest; sourceTree = BUILT_PRODUCTS_DIR; };
		081061481FCA74690066D72B /* SnakeUITests.swift */ = {isa = PBXFileReference; lastKnownFileType = sourcecode.swift; path = SnakeUITests.swift; sourceTree = "<group>"; };
		0810614A1FCA74690066D72B /* Info.plist */ = {isa = PBXFileReference; lastKnownFileType = text.plist.xml; path = Info.plist; sourceTree = "<group>"; };
		081061571FCA75E10066D72B /* BodyPart.swift */ = {isa = PBXFileReference; lastKnownFileType = sourcecode.swift; path = BodyPart.swift; sourceTree = "<group>"; };
		081061591FCA76A80066D72B /* Head.swift */ = {isa = PBXFileReference; lastKnownFileType = sourcecode.swift; path = Head.swift; sourceTree = "<group>"; };
		0810615C1FCA76D20066D72B /* Direction.swift */ = {isa = PBXFileReference; lastKnownFileType = sourcecode.swift; path = Direction.swift; sourceTree = "<group>"; };
		086CD7031FCD477800606A79 /* Blade.ttf */ = {isa = PBXFileReference; lastKnownFileType = file; path = Blade.ttf; sourceTree = "<group>"; };
		086CD7051FCF0C8100606A79 /* Menu.swift */ = {isa = PBXFileReference; lastKnownFileType = sourcecode.swift; path = Menu.swift; sourceTree = "<group>"; };
		088E35511FD010BC00E6CDAA /* MainMenu.sks */ = {isa = PBXFileReference; lastKnownFileType = file.sks; path = MainMenu.sks; sourceTree = "<group>"; };
		088E35531FD0112400E6CDAA /* MainMenu.swift */ = {isa = PBXFileReference; lastKnownFileType = sourcecode.swift; path = MainMenu.swift; sourceTree = "<group>"; };
		088E35551FD01D1E00E6CDAA /* Options.sks */ = {isa = PBXFileReference; lastKnownFileType = file.sks; path = Options.sks; sourceTree = "<group>"; };
/* End PBXFileReference section */

/* Begin PBXFrameworksBuildPhase section */
		0810611C1FCA74690066D72B /* Frameworks */ = {
			isa = PBXFrameworksBuildPhase;
			buildActionMask = 2147483647;
			files = (
			);
			runOnlyForDeploymentPostprocessing = 0;
		};
		081061361FCA74690066D72B /* Frameworks */ = {
			isa = PBXFrameworksBuildPhase;
			buildActionMask = 2147483647;
			files = (
			);
			runOnlyForDeploymentPostprocessing = 0;
		};
		081061411FCA74690066D72B /* Frameworks */ = {
			isa = PBXFrameworksBuildPhase;
			buildActionMask = 2147483647;
			files = (
			);
			runOnlyForDeploymentPostprocessing = 0;
		};
/* End PBXFrameworksBuildPhase section */

/* Begin PBXGroup section */
		081061161FCA74690066D72B = {
			isa = PBXGroup;
			children = (
				088E35511FD010BC00E6CDAA /* MainMenu.sks */,
				088E35551FD01D1E00E6CDAA /* Options.sks */,
				088E35531FD0112400E6CDAA /* MainMenu.swift */,
				081061211FCA74690066D72B /* Snake */,
				0810613C1FCA74690066D72B /* SnakeTests */,
				081061471FCA74690066D72B /* SnakeUITests */,
				081061201FCA74690066D72B /* Products */,
			);
			sourceTree = "<group>";
		};
		081061201FCA74690066D72B /* Products */ = {
			isa = PBXGroup;
			children = (
				0810611F1FCA74690066D72B /* Snake.app */,
				081061391FCA74690066D72B /* SnakeTests.xctest */,
				081061441FCA74690066D72B /* SnakeUITests.xctest */,
			);
			name = Products;
			sourceTree = "<group>";
		};
		081061211FCA74690066D72B /* Snake */ = {
			isa = PBXGroup;
			children = (
				086CD7031FCD477800606A79 /* Blade.ttf */,
				0810615B1FCA76C20066D72B /* utils */,
				081061561FCA75C60066D72B /* Player */,
				081061221FCA74690066D72B /* AppDelegate.swift */,
				081061241FCA74690066D72B /* GameScene.sks */,
				081061261FCA74690066D72B /* Actions.sks */,
				081061281FCA74690066D72B /* GameScene.swift */,
				0810612A1FCA74690066D72B /* GameViewController.swift */,
				0810612C1FCA74690066D72B /* Main.storyboard */,
				0810612F1FCA74690066D72B /* Assets.xcassets */,
				081061311FCA74690066D72B /* LaunchScreen.storyboard */,
				081061341FCA74690066D72B /* Info.plist */,
				086CD7051FCF0C8100606A79 /* Menu.swift */,
			);
			path = Snake;
			sourceTree = "<group>";
		};
		0810613C1FCA74690066D72B /* SnakeTests */ = {
			isa = PBXGroup;
			children = (
				0810613D1FCA74690066D72B /* SnakeTests.swift */,
				0810613F1FCA74690066D72B /* Info.plist */,
			);
			path = SnakeTests;
			sourceTree = "<group>";
		};
		081061471FCA74690066D72B /* SnakeUITests */ = {
			isa = PBXGroup;
			children = (
				081061481FCA74690066D72B /* SnakeUITests.swift */,
				0810614A1FCA74690066D72B /* Info.plist */,
			);
			path = SnakeUITests;
			sourceTree = "<group>";
		};
		081061561FCA75C60066D72B /* Player */ = {
			isa = PBXGroup;
			children = (
				081061571FCA75E10066D72B /* BodyPart.swift */,
				081061591FCA76A80066D72B /* Head.swift */,
			);
			path = Player;
			sourceTree = "<group>";
		};
		0810615B1FCA76C20066D72B /* utils */ = {
			isa = PBXGroup;
			children = (
				0810615C1FCA76D20066D72B /* Direction.swift */,
			);
			path = utils;
			sourceTree = "<group>";
		};
/* End PBXGroup section */

/* Begin PBXNativeTarget section */
		0810611E1FCA74690066D72B /* Snake */ = {
			isa = PBXNativeTarget;
			buildConfigurationList = 0810614D1FCA74690066D72B /* Build configuration list for PBXNativeTarget "Snake" */;
			buildPhases = (
				0810611B1FCA74690066D72B /* Sources */,
				0810611C1FCA74690066D72B /* Frameworks */,
				0810611D1FCA74690066D72B /* Resources */,
			);
			buildRules = (
			);
			dependencies = (
			);
			name = Snake;
			productName = Snake;
			productReference = 0810611F1FCA74690066D72B /* Snake.app */;
			productType = "com.apple.product-type.application";
		};
		081061381FCA74690066D72B /* SnakeTests */ = {
			isa = PBXNativeTarget;
			buildConfigurationList = 081061501FCA74690066D72B /* Build configuration list for PBXNativeTarget "SnakeTests" */;
			buildPhases = (
				081061351FCA74690066D72B /* Sources */,
				081061361FCA74690066D72B /* Frameworks */,
				081061371FCA74690066D72B /* Resources */,
			);
			buildRules = (
			);
			dependencies = (
				0810613B1FCA74690066D72B /* PBXTargetDependency */,
			);
			name = SnakeTests;
			productName = SnakeTests;
			productReference = 081061391FCA74690066D72B /* SnakeTests.xctest */;
			productType = "com.apple.product-type.bundle.unit-test";
		};
		081061431FCA74690066D72B /* SnakeUITests */ = {
			isa = PBXNativeTarget;
			buildConfigurationList = 081061531FCA74690066D72B /* Build configuration list for PBXNativeTarget "SnakeUITests" */;
			buildPhases = (
				081061401FCA74690066D72B /* Sources */,
				081061411FCA74690066D72B /* Frameworks */,
				081061421FCA74690066D72B /* Resources */,
			);
			buildRules = (
			);
			dependencies = (
				081061461FCA74690066D72B /* PBXTargetDependency */,
			);
			name = SnakeUITests;
			productName = SnakeUITests;
			productReference = 081061441FCA74690066D72B /* SnakeUITests.xctest */;
			productType = "com.apple.product-type.bundle.ui-testing";
		};
/* End PBXNativeTarget section */

/* Begin PBXProject section */
		081061171FCA74690066D72B /* Project object */ = {
			isa = PBXProject;
			attributes = {
				LastSwiftUpdateCheck = 0900;
				LastUpgradeCheck = 0900;
				ORGANIZATIONNAME = "Bartosz Osowski";
				TargetAttributes = {
					0810611E1FCA74690066D72B = {
						CreatedOnToolsVersion = 9.0;
						ProvisioningStyle = Automatic;
					};
					081061381FCA74690066D72B = {
						CreatedOnToolsVersion = 9.0;
						ProvisioningStyle = Automatic;
						TestTargetID = 0810611E1FCA74690066D72B;
					};
					081061431FCA74690066D72B = {
						CreatedOnToolsVersion = 9.0;
						ProvisioningStyle = Automatic;
						TestTargetID = 0810611E1FCA74690066D72B;
					};
				};
			};
			buildConfigurationList = 0810611A1FCA74690066D72B /* Build configuration list for PBXProject "Snake" */;
			compatibilityVersion = "Xcode 8.0";
			developmentRegion = en;
			hasScannedForEncodings = 0;
			knownRegions = (
				en,
				Base,
			);
			mainGroup = 081061161FCA74690066D72B;
			productRefGroup = 081061201FCA74690066D72B /* Products */;
			projectDirPath = "";
			projectRoot = "";
			targets = (
				0810611E1FCA74690066D72B /* Snake */,
				081061381FCA74690066D72B /* SnakeTests */,
				081061431FCA74690066D72B /* SnakeUITests */,
			);
		};
/* End PBXProject section */

/* Begin PBXResourcesBuildPhase section */
		0810611D1FCA74690066D72B /* Resources */ = {
			isa = PBXResourcesBuildPhase;
			buildActionMask = 2147483647;
			files = (
				086CD7041FCD478A00606A79 /* Blade.ttf in Resources */,
				0810612E1FCA74690066D72B /* Main.storyboard in Resources */,
				081061251FCA74690066D72B /* GameScene.sks in Resources */,
				081061331FCA74690066D72B /* LaunchScreen.storyboard in Resources */,
				081061271FCA74690066D72B /* Actions.sks in Resources */,
				088E35521FD010BC00E6CDAA /* MainMenu.sks in Resources */,
				088E35561FD01D1E00E6CDAA /* Options.sks in Resources */,
				086CD7021FCD435500606A79 /* Assets.xcassets in Resources */,
			);
			runOnlyForDeploymentPostprocessing = 0;
		};
		081061371FCA74690066D72B /* Resources */ = {
			isa = PBXResourcesBuildPhase;
			buildActionMask = 2147483647;
			files = (
			);
			runOnlyForDeploymentPostprocessing = 0;
		};
		081061421FCA74690066D72B /* Resources */ = {
			isa = PBXResourcesBuildPhase;
			buildActionMask = 2147483647;
			files = (
			);
			runOnlyForDeploymentPostprocessing = 0;
		};
/* End PBXResourcesBuildPhase section */

/* Begin PBXSourcesBuildPhase section */
		0810611B1FCA74690066D72B /* Sources */ = {
			isa = PBXSourcesBuildPhase;
			buildActionMask = 2147483647;
			files = (
				081061291FCA74690066D72B /* GameScene.swift in Sources */,
				0810615A1FCA76A80066D72B /* Head.swift in Sources */,
				086CD7061FCF0C8100606A79 /* Menu.swift in Sources */,
				088E35541FD0112400E6CDAA /* MainMenu.swift in Sources */,
				0810612B1FCA74690066D72B /* GameViewController.swift in Sources */,
				081061581FCA75E10066D72B /* BodyPart.swift in Sources */,
				081061231FCA74690066D72B /* AppDelegate.swift in Sources */,
				0810615D1FCA76D20066D72B /* Direction.swift in Sources */,
			);
			runOnlyForDeploymentPostprocessing = 0;
		};
		081061351FCA74690066D72B /* Sources */ = {
			isa = PBXSourcesBuildPhase;
			buildActionMask = 2147483647;
			files = (
				0810613E1FCA74690066D72B /* SnakeTests.swift in Sources */,
			);
			runOnlyForDeploymentPostprocessing = 0;
		};
		081061401FCA74690066D72B /* Sources */ = {
			isa = PBXSourcesBuildPhase;
			buildActionMask = 2147483647;
			files = (
				081061491FCA74690066D72B /* SnakeUITests.swift in Sources */,
			);
			runOnlyForDeploymentPostprocessing = 0;
		};
/* End PBXSourcesBuildPhase section */

/* Begin PBXTargetDependency section */
		0810613B1FCA74690066D72B /* PBXTargetDependency */ = {
			isa = PBXTargetDependency;
			target = 0810611E1FCA74690066D72B /* Snake */;
			targetProxy = 0810613A1FCA74690066D72B /* PBXContainerItemProxy */;
		};
		081061461FCA74690066D72B /* PBXTargetDependency */ = {
			isa = PBXTargetDependency;
			target = 0810611E1FCA74690066D72B /* Snake */;
			targetProxy = 081061451FCA74690066D72B /* PBXContainerItemProxy */;
		};
/* End PBXTargetDependency section */

/* Begin PBXVariantGroup section */
		0810612C1FCA74690066D72B /* Main.storyboard */ = {
			isa = PBXVariantGroup;
			children = (
				0810612D1FCA74690066D72B /* Base */,
			);
			name = Main.storyboard;
			sourceTree = "<group>";
		};
		081061311FCA74690066D72B /* LaunchScreen.storyboard */ = {
			isa = PBXVariantGroup;
			children = (
				081061321FCA74690066D72B /* Base */,
			);
			name = LaunchScreen.storyboard;
			sourceTree = "<group>";
		};
/* End PBXVariantGroup section */

/* Begin XCBuildConfiguration section */
		0810614B1FCA74690066D72B /* Debug */ = {
			isa = XCBuildConfiguration;
			buildSettings = {
				ALWAYS_SEARCH_USER_PATHS = NO;
				CLANG_ANALYZER_NONNULL = YES;
				CLANG_ANALYZER_NUMBER_OBJECT_CONVERSION = YES_AGGRESSIVE;
				CLANG_CXX_LANGUAGE_STANDARD = "gnu++14";
				CLANG_CXX_LIBRARY = "libc++";
				CLANG_ENABLE_MODULES = YES;
				CLANG_ENABLE_OBJC_ARC = YES;
				CLANG_WARN_BLOCK_CAPTURE_AUTORELEASING = YES;
				CLANG_WARN_BOOL_CONVERSION = YES;
				CLANG_WARN_COMMA = YES;
				CLANG_WARN_CONSTANT_CONVERSION = YES;
				CLANG_WARN_DIRECT_OBJC_ISA_USAGE = YES_ERROR;
				CLANG_WARN_DOCUMENTATION_COMMENTS = YES;
				CLANG_WARN_EMPTY_BODY = YES;
				CLANG_WARN_ENUM_CONVERSION = YES;
				CLANG_WARN_INFINITE_RECURSION = YES;
				CLANG_WARN_INT_CONVERSION = YES;
				CLANG_WARN_NON_LITERAL_NULL_CONVERSION = YES;
				CLANG_WARN_OBJC_LITERAL_CONVERSION = YES;
				CLANG_WARN_OBJC_ROOT_CLASS = YES_ERROR;
				CLANG_WARN_RANGE_LOOP_ANALYSIS = YES;
				CLANG_WARN_STRICT_PROTOTYPES = YES;
				CLANG_WARN_SUSPICIOUS_MOVE = YES;
				CLANG_WARN_UNGUARDED_AVAILABILITY = YES_AGGRESSIVE;
				CLANG_WARN_UNREACHABLE_CODE = YES;
				CLANG_WARN__DUPLICATE_METHOD_MATCH = YES;
				CODE_SIGN_IDENTITY = "iPhone Developer";
				COPY_PHASE_STRIP = NO;
				DEBUG_INFORMATION_FORMAT = dwarf;
				ENABLE_STRICT_OBJC_MSGSEND = YES;
				ENABLE_TESTABILITY = YES;
				GCC_C_LANGUAGE_STANDARD = gnu11;
				GCC_DYNAMIC_NO_PIC = NO;
				GCC_NO_COMMON_BLOCKS = YES;
				GCC_OPTIMIZATION_LEVEL = 0;
				GCC_PREPROCESSOR_DEFINITIONS = (
					"DEBUG=1",
					"$(inherited)",
				);
				GCC_WARN_64_TO_32_BIT_CONVERSION = YES;
				GCC_WARN_ABOUT_RETURN_TYPE = YES_ERROR;
				GCC_WARN_UNDECLARED_SELECTOR = YES;
				GCC_WARN_UNINITIALIZED_AUTOS = YES_AGGRESSIVE;
				GCC_WARN_UNUSED_FUNCTION = YES;
				GCC_WARN_UNUSED_VARIABLE = YES;
				IPHONEOS_DEPLOYMENT_TARGET = 11.0;
				MTL_ENABLE_DEBUG_INFO = YES;
				ONLY_ACTIVE_ARCH = YES;
				SDKROOT = iphoneos;
				SWIFT_ACTIVE_COMPILATION_CONDITIONS = DEBUG;
				SWIFT_OPTIMIZATION_LEVEL = "-Onone";
			};
			name = Debug;
		};
		0810614C1FCA74690066D72B /* Release */ = {
			isa = XCBuildConfiguration;
			buildSettings = {
				ALWAYS_SEARCH_USER_PATHS = NO;
				CLANG_ANALYZER_NONNULL = YES;
				CLANG_ANALYZER_NUMBER_OBJECT_CONVERSION = YES_AGGRESSIVE;
				CLANG_CXX_LANGUAGE_STANDARD = "gnu++14";
				CLANG_CXX_LIBRARY = "libc++";
				CLANG_ENABLE_MODULES = YES;
				CLANG_ENABLE_OBJC_ARC = YES;
				CLANG_WARN_BLOCK_CAPTURE_AUTORELEASING = YES;
				CLANG_WARN_BOOL_CONVERSION = YES;
				CLANG_WARN_COMMA = YES;
				CLANG_WARN_CONSTANT_CONVERSION = YES;
				CLANG_WARN_DIRECT_OBJC_ISA_USAGE = YES_ERROR;
				CLANG_WARN_DOCUMENTATION_COMMENTS = YES;
				CLANG_WARN_EMPTY_BODY = YES;
				CLANG_WARN_ENUM_CONVERSION = YES;
				CLANG_WARN_INFINITE_RECURSION = YES;
				CLANG_WARN_INT_CONVERSION = YES;
				CLANG_WARN_NON_LITERAL_NULL_CONVERSION = YES;
				CLANG_WARN_OBJC_LITERAL_CONVERSION = YES;
				CLANG_WARN_OBJC_ROOT_CLASS = YES_ERROR;
				CLANG_WARN_RANGE_LOOP_ANALYSIS = YES;
				CLANG_WARN_STRICT_PROTOTYPES = YES;
				CLANG_WARN_SUSPICIOUS_MOVE = YES;
				CLANG_WARN_UNGUARDED_AVAILABILITY = YES_AGGRESSIVE;
				CLANG_WARN_UNREACHABLE_CODE = YES;
				CLANG_WARN__DUPLICATE_METHOD_MATCH = YES;
				CODE_SIGN_IDENTITY = "iPhone Developer";
				COPY_PHASE_STRIP = NO;
				DEBUG_INFORMATION_FORMAT = "dwarf-with-dsym";
				ENABLE_NS_ASSERTIONS = NO;
				ENABLE_STRICT_OBJC_MSGSEND = YES;
				GCC_C_LANGUAGE_STANDARD = gnu11;
				GCC_NO_COMMON_BLOCKS = YES;
				GCC_WARN_64_TO_32_BIT_CONVERSION = YES;
				GCC_WARN_ABOUT_RETURN_TYPE = YES_ERROR;
				GCC_WARN_UNDECLARED_SELECTOR = YES;
				GCC_WARN_UNINITIALIZED_AUTOS = YES_AGGRESSIVE;
				GCC_WARN_UNUSED_FUNCTION = YES;
				GCC_WARN_UNUSED_VARIABLE = YES;
				IPHONEOS_DEPLOYMENT_TARGET = 11.0;
				MTL_ENABLE_DEBUG_INFO = NO;
				SDKROOT = iphoneos;
				SWIFT_OPTIMIZATION_LEVEL = "-Owholemodule";
				VALIDATE_PRODUCT = YES;
			};
			name = Release;
		};
		0810614E1FCA74690066D72B /* Debug */ = {
			isa = XCBuildConfiguration;
			buildSettings = {
				ASSETCATALOG_COMPILER_APPICON_NAME = AppIcon;
				CODE_SIGN_STYLE = Automatic;
				DEVELOPMENT_TEAM = D8WFGXUPB9;
				INFOPLIST_FILE = Snake/Info.plist;
				IPHONEOS_DEPLOYMENT_TARGET = 10.0;
				LD_RUNPATH_SEARCH_PATHS = "$(inherited) @executable_path/Frameworks";
				PRODUCT_BUNDLE_IDENTIFIER = com.bOsowski.Snake;
				PRODUCT_NAME = "$(TARGET_NAME)";
				SWIFT_VERSION = 4.0;
				TARGETED_DEVICE_FAMILY = "1,2";
			};
			name = Debug;
		};
		0810614F1FCA74690066D72B /* Release */ = {
			isa = XCBuildConfiguration;
			buildSettings = {
				ASSETCATALOG_COMPILER_APPICON_NAME = AppIcon;
				CODE_SIGN_STYLE = Automatic;
				DEVELOPMENT_TEAM = D8WFGXUPB9;
				INFOPLIST_FILE = Snake/Info.plist;
				IPHONEOS_DEPLOYMENT_TARGET = 10.0;
				LD_RUNPATH_SEARCH_PATHS = "$(inherited) @executable_path/Frameworks";
				PRODUCT_BUNDLE_IDENTIFIER = com.bOsowski.Snake;
				PRODUCT_NAME = "$(TARGET_NAME)";
				SWIFT_VERSION = 4.0;
				TARGETED_DEVICE_FAMILY = "1,2";
			};
			name = Release;
		};
		081061511FCA74690066D72B /* Debug */ = {
			isa = XCBuildConfiguration;
			buildSettings = {
				ALWAYS_EMBED_SWIFT_STANDARD_LIBRARIES = YES;
				BUNDLE_LOADER = "$(TEST_HOST)";
				CODE_SIGN_STYLE = Automatic;
				INFOPLIST_FILE = SnakeTests/Info.plist;
				LD_RUNPATH_SEARCH_PATHS = "$(inherited) @executable_path/Frameworks @loader_path/Frameworks";
				PRODUCT_BUNDLE_IDENTIFIER = com.bOsowski.SnakeTests;
				PRODUCT_NAME = "$(TARGET_NAME)";
				SWIFT_VERSION = 4.0;
				TARGETED_DEVICE_FAMILY = "1,2";
				TEST_HOST = "$(BUILT_PRODUCTS_DIR)/Snake.app/Snake";
			};
			name = Debug;
		};
		081061521FCA74690066D72B /* Release */ = {
			isa = XCBuildConfiguration;
			buildSettings = {
				ALWAYS_EMBED_SWIFT_STANDARD_LIBRARIES = YES;
				BUNDLE_LOADER = "$(TEST_HOST)";
				CODE_SIGN_STYLE = Automatic;
				INFOPLIST_FILE = SnakeTests/Info.plist;
				LD_RUNPATH_SEARCH_PATHS = "$(inherited) @executable_path/Frameworks @loader_path/Frameworks";
				PRODUCT_BUNDLE_IDENTIFIER = com.bOsowski.SnakeTests;
				PRODUCT_NAME = "$(TARGET_NAME)";
				SWIFT_VERSION = 4.0;
				TARGETED_DEVICE_FAMILY = "1,2";
				TEST_HOST = "$(BUILT_PRODUCTS_DIR)/Snake.app/Snake";
			};
			name = Release;
		};
		081061541FCA74690066D72B /* Debug */ = {
			isa = XCBuildConfiguration;
			buildSettings = {
				ALWAYS_EMBED_SWIFT_STANDARD_LIBRARIES = YES;
				CODE_SIGN_STYLE = Automatic;
				INFOPLIST_FILE = SnakeUITests/Info.plist;
				LD_RUNPATH_SEARCH_PATHS = "$(inherited) @executable_path/Frameworks @loader_path/Frameworks";
				PRODUCT_BUNDLE_IDENTIFIER = com.bOsowski.SnakeUITests;
				PRODUCT_NAME = "$(TARGET_NAME)";
				SWIFT_VERSION = 4.0;
				TARGETED_DEVICE_FAMILY = "1,2";
				TEST_TARGET_NAME = Snake;
			};
			name = Debug;
		};
		081061551FCA74690066D72B /* Release */ = {
			isa = XCBuildConfiguration;
			buildSettings = {
				ALWAYS_EMBED_SWIFT_STANDARD_LIBRARIES = YES;
				CODE_SIGN_STYLE = Automatic;
				INFOPLIST_FILE = SnakeUITests/Info.plist;
				LD_RUNPATH_SEARCH_PATHS = "$(inherited) @executable_path/Frameworks @loader_path/Frameworks";
				PRODUCT_BUNDLE_IDENTIFIER = com.bOsowski.SnakeUITests;
				PRODUCT_NAME = "$(TARGET_NAME)";
				SWIFT_VERSION = 4.0;
				TARGETED_DEVICE_FAMILY = "1,2";
				TEST_TARGET_NAME = Snake;
			};
			name = Release;
		};
/* End XCBuildConfiguration section */

/* Begin XCConfigurationList section */
		0810611A1FCA74690066D72B /* Build configuration list for PBXProject "Snake" */ = {
			isa = XCConfigurationList;
			buildConfigurations = (
				0810614B1FCA74690066D72B /* Debug */,
				0810614C1FCA74690066D72B /* Release */,
			);
			defaultConfigurationIsVisible = 0;
			defaultConfigurationName = Release;
		};
		0810614D1FCA74690066D72B /* Build configuration list for PBXNativeTarget "Snake" */ = {
			isa = XCConfigurationList;
			buildConfigurations = (
				0810614E1FCA74690066D72B /* Debug */,
				0810614F1FCA74690066D72B /* Release */,
			);
			defaultConfigurationIsVisible = 0;
			defaultConfigurationName = Release;
		};
		081061501FCA74690066D72B /* Build configuration list for PBXNativeTarget "SnakeTests" */ = {
			isa = XCConfigurationList;
			buildConfigurations = (
				081061511FCA74690066D72B /* Debug */,
				081061521FCA74690066D72B /* Release */,
			);
			defaultConfigurationIsVisible = 0;
			defaultConfigurationName = Release;
		};
		081061531FCA74690066D72B /* Build configuration list for PBXNativeTarget "SnakeUITests" */ = {
			isa = XCConfigurationList;
			buildConfigurations = (
				081061541FCA74690066D72B /* Debug */,
				081061551FCA74690066D72B /* Release */,
			);
			defaultConfigurationIsVisible = 0;
			defaultConfigurationName = Release;
		};
/* End XCConfigurationList section */
	};
	rootObject = 081061171FCA74690066D72B /* Project object */;
}
